
Microsoft Visual Studio Solution File, Format Version 12.00
# Visual Studio Version 17
VisualStudioVersion = 17.6.33829.357
MinimumVisualStudioVersion = 10.0.40219.1
Project("{9A19103F-16F7-4668-BE54-9A1E7A4F7556}") = "Medista", "Medista.csproj", "{0399D570-7E1F-47F9-9A86-512405252FC3}"
EndProject
Project("{9A19103F-16F7-4668-BE54-9A1E7A4F7556}") = "AppData", "..\AppData\AppData.csproj", "{251454B8-3E6A-4A65-8562-BBD960CF6516}"
EndProject
Global
	GlobalSection(SolutionConfigurationPlatforms) = preSolution
		Debug|Any CPU = Debug|Any CPU
		Release|Any CPU = Release|Any CPU
	EndGlobalSection
	GlobalSection(ProjectConfigurationPlatforms) = postSolution
		{0399D570-7E1F-47F9-9A86-512405252FC3}.Debug|Any CPU.ActiveCfg = Debug|Any CPU
		{0399D570-7E1F-47F9-9A86-512405252FC3}.Debug|Any CPU.Build.0 = Debug|Any CPU
		{0399D570-7E1F-47F9-9A86-512405252FC3}.Release|Any CPU.ActiveCfg = Release|Any CPU
		{0399D570-7E1F-47F9-9A86-512405252FC3}.Release|Any CPU.Build.0 = Release|Any CPU
		{251454B8-3E6A-4A65-8562-BBD960CF6516}.Debug|Any CPU.ActiveCfg = Debug|Any CPU
		{251454B8-3E6A-4A65-8562-BBD960CF6516}.Debug|Any CPU.Build.0 = Debug|Any CPU
		{251454B8-3E6A-4A65-8562-BBD960CF6516}.Release|Any CPU.ActiveCfg = Release|Any CPU
		{251454B8-3E6A-4A65-8562-BBD960CF6516}.Release|Any CPU.Build.0 = Release|Any CPU
	EndGlobalSection
	GlobalSection(SolutionProperties) = preSolution
		HideSolutionNode = FALSE
	EndGlobalSection
	GlobalSection(ExtensibilityGlobals) = postSolution
		SolutionGuid = {0B04F38D-83BB-4910-A171-53C4401235E1}
	EndGlobalSection
EndGlobal
